
Microsoft Visual Studio Solution File, Format Version 12.00
# Visual Studio Version 17
VisualStudioVersion = 17.9.34728.123
MinimumVisualStudioVersion = 10.0.40219.1
Project("{FAE04EC0-301F-11D3-BF4B-00C04F79EFBC}") = "Ejercicio2DoWhile", "Ejercicio2DoWhile\Ejercicio2DoWhile.csproj", "{19EF56B3-1135-4D2E-8FBA-D78197923BF9}"
EndProject
Global
	GlobalSection(SolutionConfigurationPlatforms) = preSolution
		Debug|Any CPU = Debug|Any CPU
		Release|Any CPU = Release|Any CPU
	EndGlobalSection
	GlobalSection(ProjectConfigurationPlatforms) = postSolution
		{19EF56B3-1135-4D2E-8FBA-D78197923BF9}.Debug|Any CPU.ActiveCfg = Debug|Any CPU
		{19EF56B3-1135-4D2E-8FBA-D78197923BF9}.Debug|Any CPU.Build.0 = Debug|Any CPU
		{19EF56B3-1135-4D2E-8FBA-D78197923BF9}.Release|Any CPU.ActiveCfg = Release|Any CPU
		{19EF56B3-1135-4D2E-8FBA-D78197923BF9}.Release|Any CPU.Build.0 = Release|Any CPU
	EndGlobalSection
	GlobalSection(SolutionProperties) = preSolution
		HideSolutionNode = FALSE
	EndGlobalSection
	GlobalSection(ExtensibilityGlobals) = postSolution
		SolutionGuid = {896501C5-80A5-4414-A406-F2EFB5C199F1}
	EndGlobalSection
EndGlobal
