
Microsoft Visual Studio Solution File, Format Version 12.00
# Visual Studio Version 17
VisualStudioVersion = 17.9.34728.123
MinimumVisualStudioVersion = 10.0.40219.1
Project("{FAE04EC0-301F-11D3-BF4B-00C04F79EFBC}") = "Ejercicio5-EstructurasRepetitivasWHILE", "Ejercicio5-EstructurasRepetitivasWHILE\Ejercicio5-EstructurasRepetitivasWHILE.csproj", "{FF83CB3A-C75F-4E24-9E4A-9BCF52208632}"
EndProject
Global
	GlobalSection(SolutionConfigurationPlatforms) = preSolution
		Debug|Any CPU = Debug|Any CPU
		Release|Any CPU = Release|Any CPU
	EndGlobalSection
	GlobalSection(ProjectConfigurationPlatforms) = postSolution
		{FF83CB3A-C75F-4E24-9E4A-9BCF52208632}.Debug|Any CPU.ActiveCfg = Debug|Any CPU
		{FF83CB3A-C75F-4E24-9E4A-9BCF52208632}.Debug|Any CPU.Build.0 = Debug|Any CPU
		{FF83CB3A-C75F-4E24-9E4A-9BCF52208632}.Release|Any CPU.ActiveCfg = Release|Any CPU
		{FF83CB3A-C75F-4E24-9E4A-9BCF52208632}.Release|Any CPU.Build.0 = Release|Any CPU
	EndGlobalSection
	GlobalSection(SolutionProperties) = preSolution
		HideSolutionNode = FALSE
	EndGlobalSection
	GlobalSection(ExtensibilityGlobals) = postSolution
		SolutionGuid = {BFA2BFED-58B8-4119-A43B-F5F1B964A576}
	EndGlobalSection
EndGlobal
